
Microsoft Visual Studio Solution File, Format Version 10.00
# Visual Studio 2008
Project("{FAE04EC0-301F-11D3-BF4B-00C04F79EFBC}") = "Iris", "Iris\Iris.csproj", "{179471F0-FE4B-4D6E-8528-1A3AD2BDFA1C}"
EndProject
Global
	GlobalSection(SolutionConfigurationPlatforms) = preSolution
		Debug|Any CPU = Debug|Any CPU
		Release|Any CPU = Release|Any CPU
	EndGlobalSection
	GlobalSection(ProjectConfigurationPlatforms) = postSolution
		{179471F0-FE4B-4D6E-8528-1A3AD2BDFA1C}.Debug|Any CPU.ActiveCfg = Debug|Any CPU
		{179471F0-FE4B-4D6E-8528-1A3AD2BDFA1C}.Debug|Any CPU.Build.0 = Debug|Any CPU
		{179471F0-FE4B-4D6E-8528-1A3AD2BDFA1C}.Release|Any CPU.ActiveCfg = Release|Any CPU
		{179471F0-FE4B-4D6E-8528-1A3AD2BDFA1C}.Release|Any CPU.Build.0 = Release|Any CPU
	EndGlobalSection
	GlobalSection(SolutionProperties) = preSolution
		HideSolutionNode = FALSE
	EndGlobalSection
EndGlobal
